
Microsoft Visual Studio Solution File, Format Version 12.00
# Visual Studio Version 17
VisualStudioVersion = 17.10.35027.167
MinimumVisualStudioVersion = 10.0.40219.1
Project("{FAE04EC0-301F-11D3-BF4B-00C04F79EFBC}") = "W2-E1", "W2-E1\W2-E1.csproj", "{DE7543EF-561B-44B3-80A9-749D5487EF11}"
EndProject
Global
	GlobalSection(SolutionConfigurationPlatforms) = preSolution
		Debug|Any CPU = Debug|Any CPU
		Release|Any CPU = Release|Any CPU
	EndGlobalSection
	GlobalSection(ProjectConfigurationPlatforms) = postSolution
		{DE7543EF-561B-44B3-80A9-749D5487EF11}.Debug|Any CPU.ActiveCfg = Debug|Any CPU
		{DE7543EF-561B-44B3-80A9-749D5487EF11}.Debug|Any CPU.Build.0 = Debug|Any CPU
		{DE7543EF-561B-44B3-80A9-749D5487EF11}.Release|Any CPU.ActiveCfg = Release|Any CPU
		{DE7543EF-561B-44B3-80A9-749D5487EF11}.Release|Any CPU.Build.0 = Release|Any CPU
	EndGlobalSection
	GlobalSection(SolutionProperties) = preSolution
		HideSolutionNode = FALSE
	EndGlobalSection
	GlobalSection(ExtensibilityGlobals) = postSolution
		SolutionGuid = {84CB9A41-FF35-42F1-B756-FCA0884A611B}
	EndGlobalSection
EndGlobal
